version: 1
checksums:
  63f4c97e43b1d06779a7f553869f769a:
    welcome: e2e41b22bf762ef6ffe895aca56d2eca
    errorBoundary/title: a3cd2f01c073f1f5ff436d4b132d39cf
    errorBoundary/message: cda3c1de74fb03d34c8e4971ef9fe45c
    errorBoundary/detailsLabel: d14cc8ccccf3ce4e8af14a3d43abafe2
    errorBoundary/retryButton: 33dd8820e743e35a66e6977f69e9d3b5
    settings/title: 8df6777277469c1fd88cc18dde2f1cc3
    settings/retentionPolicies: 79ebeb31cf529914ed0827c4dbfd70e8
    settings/retentionPolicySubHeading: 7c6e197d3b98b6ea0a22ac9cc05cf43c
    settings/infoBanner: 45564fba77413fefac509b0b127426b8
    settings/policyTable/systemHeader: 803281c327a02a2feba182f4a2b38311
    settings/policyTable/marketHeader: 7729913d1aff573d9d207509d5f41774
    settings/policyTable/retentionPeriodHeader: 0473b57fa5b6925776067a8fd1bfd5a8
    settings/aboutRetentionPolicyHeader: 2d1b5f9159a9bc146f0312ef53ecb903
    settings/aboutRetentionPolicy: ce7a84f3b095f85e061e7e81497e4e1d
    settings/noRetentionData: f6dd04a24e5da483f16fb64fe53af9ef
    search/headerTitle: 49dd6c21604b5e8d4153ff1aff2177e1
    search/headerDescription: a4ee9bc2cbe5c679485f2770d88b9ea3
    search/invoiceTypeHeading: 156128824ee4852dfb3b950e46f27485
    search/advanceFilterTest/title: db661d419f46dc2bc35c3d999c1c2e3b
    search/advanceFilterTest/subTitle: eb409bc5b52695e70e4d85bb14883434
    search/advanceFilterTest/invoiceNumberLabel: d010180376d58dbb2b63128d0e18e732
    search/advanceFilterTest/invoiceNumberHelperText: 8175eea42ffddb73c059dd32859519c1
    search/advanceFilterTest/marketLabel: e509c245c2774a94a7291517d1fb3e2a
    search/advanceFilterTest/sourceSystemLabel: 216778b70c9cb59a7327bc492aa1ef9e
    search/advanceFilterTest/brandLabel: e009d8cd169c0093133ee5484cb6066b
    search/advanceFilterTest/startDateLabel: 1331b3b439f4d711cb03d4b1be92d480
    search/advanceFilterTest/endDateLabel: 2d1d5e06cf23156dfc49718d9455dd48
    search/advanceFilterTest/storeIdLabel: 251ff469e6a0236795b63768f0ac9396
    search/advanceFilterTest/cashierIdLabel: 9e34d16aad316e94bbf9f97267a9d752
    search/advanceFilterTest/bulkBottomLabel: 9d166f99eb36b84611742f0d90f5ca3b
    search/advanceFilterTest/marketPlaceholder: e831dd77821e0ecfc7b1df5fbfa4de12
    search/advanceFilterTest/sourceSystemPlaceholder: 0bf79f63df6e030286454a9a19ac3995
    search/advanceFilterTest/brandPlaceholder: b4e6cc3dc79ee2e32a9db4c2acd2ce1f
    search/advanceFilterTest/invoiceNumberPlaceholder: 02f9cc9a586ae9501520f40cb492bc3d
    search/advanceFilterTest/cashierIdPlaceholder: 2112ba353ab693f0eed964114f165fda
    search/advanceFilterTest/storeIdPlaceholder: c5eabf630b43d8f70f7ab03a64b8a7ee
    search/advanceFilterTest/clearButton: 530279621408e26ec499ca53176b153c
    search/advanceFilterTest/searchButton: 49dd6c21604b5e8d4153ff1aff2177e1
    search/advanceFilterTest/entityLabel: 46ba3621bbff9d0fbb44456f52704f30
    search/advanceFilterTest/entityNamePlaceholder: 4f975681804ac7690019ae6bb95d0949
    search/advanceFilterTest/statusLabel: 4e1fcce15854d824919b4a582c697c90
    search/advanceFilterTest/statusNamePlaceholder: 492b4d1d54e4b92c29ed654fb2d1d1d8
    search/invoiceTableColumns/documentId: 9ccf9064596f5b001313487d8d990041
    search/invoiceTableColumns/invoice: 8cbeb08264ec80fd0893ca23165881b8
    search/invoiceTableColumns/invoiceType: 156128824ee4852dfb3b950e46f27485
    search/invoiceTableColumns/system: 803281c327a02a2feba182f4a2b38311
    search/invoiceTableColumns/market: 7729913d1aff573d9d207509d5f41774
    search/invoiceTableColumns/brand: e009d8cd169c0093133ee5484cb6066b
    search/invoiceTableColumns/storeCashier: c1a2852d4c0ec6cb69906db4eff838b2
    search/invoiceTableColumns/transactionDate: 54ef88b38897884ce6cb96da58b61cc8
    search/invoiceTableColumns/status: 4e1fcce15854d824919b4a582c697c90
    search/invoiceTableColumns/actions: c46571856723b03262fd33f511116298
    search/pagination/showingText: 80286bc488b12a88bbe854878d2fb1fc
    search/pagination/pageSizeLabel: 65fefa7b842e1344bfcd2b70ba7d69a5
    dashboard/headerTitle: 47f03a3bb5382277432ee576c2c14e76
    dashboard/headerDescription: 840cbe38a249a40eb397612cc94c3844
    dashboard/sectionOneHeading: 43e0a94d77871910d5a398ae808f5f6b
    dashboard/sectionOneSubHeading: ea12cd475a702b96692320880072babc
    dashboard/documentsBySystem: e0b404e3e5197eb42057b3974de0664a
    dashboard/recentActivity: d4b07b3b4faedbd20762ab8a665d979d
    dashboard/monthLabel: ae7bef950efc406ff0980affabc1a64c
    dashboard/monthPlaceholder: 6892fea265210778c426497aa6899ce8
    dashboard/yearLabel: ed86f5f60583f9d8ffdbeed306aa0ec7
    dashboard/yearPlaceholder: 97db98a2c8fc28bcc979d84c2216d61a
    dashboard/sourceSystemHeading: 4d74e11215433f74d0a0b062d2d6f21f
    dashboard/sourceSystemSubHeading: 9c3bcfc2072a2946ceb89d7743a3534a
    dashboard/queueStatusHeading: ad8df2471362c267ecedd366b0bcc73e
    dashboard/queueStatusSubHeading: 14dfba3d09e71cc6a7c89e8efd197160
    dashboard/retentionPolicies: 6cc10e71a0cf5e84c450605711b21bca
    dashboard/ingestionHeading: 0b50b2b71d6dbdd64472873110a46651
    header/toggleLanguage: e1eeeb379f86a015d6e581fcbc4af7f3
    header/logout: 07948fdf20705e04a7bf68ab197512bf
    sidebar/search: 2112388d722d9ab1a4954d7e9a57b7b1
    sidebar/dashboard: c9380ea68c8c76ea451bd9613329a07c
    sidebar/user-logs: 768bb43f66a3ec1bd159fe3143c4307f
    sidebar/settings: a84244f32a7cf2aa7aa48ab0f06775d1
    sidebar/poweredBy: 7832161ee8cec21379cc882cad01e872
    networkError/title: 2f81b346b8f9d6187c4091ef3e9d80f9
    networkError/subtitle: bab15b98771002c6b49937b7e6b54ca4
    networkError/retryButton: 4ba8355ab092d4d81718f3801caa8794
    networkError/goBackButton: b917ea82facb90c88c523b255d29f84b
    networkError/errorCodeLabel: 866874541014b2c6d42cc0e5c9eeb7af
    networkError/defaultErrorCode: dc7b8351a3d78ede68692195f38af9e8
    timeoutError/title: 4f7f623f9d54c4b8098af413197746d7
    timeoutError/subtitle: 0290ade67e33c569f87d63a1dd450efa
    timeoutError/retryButton: d65fad81c5f8f90405b26bf6e5d70ab9
    timeoutError/goBackButton: b917ea82facb90c88c523b255d29f84b
    timeoutError/errorCodeLabel: 866874541014b2c6d42cc0e5c9eeb7af
    timeoutError/defaultErrorCode: 82b28545fe036ace12c9fcf6b362acc1
    login/title: 6e115194ad4d96751681f09b262e760e
    login/subtitle: 2ffa55fc96d6c96908185f777f3317ff
    login/email: e7f34943a0c2fb849db1839ff6ef5cb5
    login/emailPlaceholder: 87f12b4be9bdb8d8958b1f74f8e8c740
    login/password: 223a61cf906ab9c40d22612c588dff48
    login/passwordPlaceholder: 4369d134164131ec8f06d9e1ab1e8450
    login/signIn: cb8757c7450e17de1e226e82fb0fa4a2
    login/footer: 5c02b04f9a0ff69c595e8389eae6f994
    login/incorrectPassword: 120f175c9640cce296f52cdb1949852b
    preview/invoice: eeda4ece45623519011ea5c83091f431
    preview/close: 2c2e22f8424a1031de89063bd0022e16
    preview/download: 56b7d0834952b39ee394b44bd8179178
    adminPanel/headerTitle: 3b3bec539fb82de7563a8e4704608570
